
Microsoft Visual Studio Solution File, Format Version 12.00
# Visual Studio Version 16
VisualStudioVersion = 16.0.31005.135
MinimumVisualStudioVersion = 10.0.40219.1
Project("{FAE04EC0-301F-11D3-BF4B-00C04F79EFBC}") = "Project", "Project\Project.csproj", "{7B1ADFD2-0AD7-422C-B5EA-90F5B0F525D1}"
EndProject
Global
	GlobalSection(SolutionConfigurationPlatforms) = preSolution
		Debug|Any CPU = Debug|Any CPU
		Debug|x64 = Debug|x64
		Release|Any CPU = Release|Any CPU
		Release|x64 = Release|x64
	EndGlobalSection
	GlobalSection(ProjectConfigurationPlatforms) = postSolution
		{7B1ADFD2-0AD7-422C-B5EA-90F5B0F525D1}.Debug|Any CPU.ActiveCfg = Debug|Any CPU
		{7B1ADFD2-0AD7-422C-B5EA-90F5B0F525D1}.Debug|Any CPU.Build.0 = Debug|Any CPU
		{7B1ADFD2-0AD7-422C-B5EA-90F5B0F525D1}.Debug|x64.ActiveCfg = Debug|x64
		{7B1ADFD2-0AD7-422C-B5EA-90F5B0F525D1}.Debug|x64.Build.0 = Debug|x64
		{7B1ADFD2-0AD7-422C-B5EA-90F5B0F525D1}.Release|Any CPU.ActiveCfg = Release|Any CPU
		{7B1ADFD2-0AD7-422C-B5EA-90F5B0F525D1}.Release|Any CPU.Build.0 = Release|Any CPU
		{7B1ADFD2-0AD7-422C-B5EA-90F5B0F525D1}.Release|x64.ActiveCfg = Release|x64
		{7B1ADFD2-0AD7-422C-B5EA-90F5B0F525D1}.Release|x64.Build.0 = Release|x64
	EndGlobalSection
	GlobalSection(SolutionProperties) = preSolution
		HideSolutionNode = FALSE
	EndGlobalSection
	GlobalSection(ExtensibilityGlobals) = postSolution
		SolutionGuid = {BE902E93-144F-4658-84CC-A377BC1E659F}
	EndGlobalSection
EndGlobal
